{
	"name": "culori-benchmarks",
	"version": "1.0.0",
	"lockfileVersion": 2,
	"requires": true,
	"packages": {
		"": {
			"name": "culori-benchmarks",
			"version": "1.0.0",
			"license": "MIT",
			"devDependencies": {
				"chroma-js": "^2.4.2",
				"colorjs.io": "^0.4.3",
				"d3-color": "^3.1.0",
				"d3-interpolate": "^3.0.1",
				"tinycolor2": "^1.5.2"
			}
		},
		"node_modules/chroma-js": {
			"version": "2.4.2",
			"resolved": "https://registry.npmjs.org/chroma-js/-/chroma-js-2.4.2.tgz",
			"integrity": "sha512-U9eDw6+wt7V8z5NncY2jJfZa+hUH8XEj8FQHgFJTrUFnJfXYf4Ml4adI2vXZOjqRDpFWtYVWypDfZwnJ+HIR4A==",
			"dev": true
		},
		"node_modules/colorjs.io": {
			"version": "0.4.3",
			"resolved": "https://registry.npmjs.org/colorjs.io/-/colorjs.io-0.4.3.tgz",
			"integrity": "sha512-Jr6NiWFZCuSECl23Bhe4jvDldQsE0ErnWrdl3xIUFy+Bkp0l8r5qt/iZlNH47/xxGP5izcyC8InjoUoI4Po+Pg==",
			"dev": true
		},
		"node_modules/d3-color": {
			"version": "3.1.0",
			"resolved": "https://registry.npmjs.org/d3-color/-/d3-color-3.1.0.tgz",
			"integrity": "sha512-zg/chbXyeBtMQ1LbD/WSoW2DpC3I0mpmPdW+ynRTj/x2DAWYrIY7qeZIHidozwV24m4iavr15lNwIwLxRmOxhA==",
			"dev": true,
			"engines": {
				"node": ">=12"
			}
		},
		"node_modules/d3-interpolate": {
			"version": "3.0.1",
			"resolved": "https://registry.npmjs.org/d3-interpolate/-/d3-interpolate-3.0.1.tgz",
			"integrity": "sha512-3bYs1rOD33uo8aqJfKP3JWPAibgw8Zm2+L9vBKEHJ2Rg+viTR7o5Mmv5mZcieN+FRYaAOWX5SJATX6k1PWz72g==",
			"dev": true,
			"dependencies": {
				"d3-color": "1 - 3"
			},
			"engines": {
				"node": ">=12"
			}
		},
		"node_modules/tinycolor2": {
			"version": "1.5.2",
			"resolved": "https://registry.npmjs.org/tinycolor2/-/tinycolor2-1.5.2.tgz",
			"integrity": "sha512-h80m9GPFGbcLzZByXlNSEhp1gf8Dy+VX/2JCGUZsWLo7lV1mnE/XlxGYgRBoMLJh1lIDXP0EMC4RPTjlRaV+Bg==",
			"dev": true
		}
	},
	"dependencies": {
		"chroma-js": {
			"version": "2.4.2",
			"resolved": "https://registry.npmjs.org/chroma-js/-/chroma-js-2.4.2.tgz",
			"integrity": "sha512-U9eDw6+wt7V8z5NncY2jJfZa+hUH8XEj8FQHgFJTrUFnJfXYf4Ml4adI2vXZOjqRDpFWtYVWypDfZwnJ+HIR4A==",
			"dev": true
		},
		"colorjs.io": {
			"version": "0.4.3",
			"resolved": "https://registry.npmjs.org/colorjs.io/-/colorjs.io-0.4.3.tgz",
			"integrity": "sha512-Jr6NiWFZCuSECl23Bhe4jvDldQsE0ErnWrdl3xIUFy+Bkp0l8r5qt/iZlNH47/xxGP5izcyC8InjoUoI4Po+Pg==",
			"dev": true
		},
		"d3-color": {
			"version": "3.1.0",
			"resolved": "https://registry.npmjs.org/d3-color/-/d3-color-3.1.0.tgz",
			"integrity": "sha512-zg/chbXyeBtMQ1LbD/WSoW2DpC3I0mpmPdW+ynRTj/x2DAWYrIY7qeZIHidozwV24m4iavr15lNwIwLxRmOxhA==",
			"dev": true
		},
		"d3-interpolate": {
			"version": "3.0.1",
			"resolved": "https://registry.npmjs.org/d3-interpolate/-/d3-interpolate-3.0.1.tgz",
			"integrity": "sha512-3bYs1rOD33uo8aqJfKP3JWPAibgw8Zm2+L9vBKEHJ2Rg+viTR7o5Mmv5mZcieN+FRYaAOWX5SJATX6k1PWz72g==",
			"dev": true,
			"requires": {
				"d3-color": "1 - 3"
			}
		},
		"tinycolor2": {
			"version": "1.5.2",
			"resolved": "https://registry.npmjs.org/tinycolor2/-/tinycolor2-1.5.2.tgz",
			"integrity": "sha512-h80m9GPFGbcLzZByXlNSEhp1gf8Dy+VX/2JCGUZsWLo7lV1mnE/XlxGYgRBoMLJh1lIDXP0EMC4RPTjlRaV+Bg==",
			"dev": true
		}
	}
}
