# THIS IS AN AUTOGENERATED FILE. DO NOT EDIT THIS FILE DIRECTLY.
# yarn lockfile v1


chroma-js@^1.3.6:
  version "1.3.6"
  resolved "https://registry.yarnpkg.com/chroma-js/-/chroma-js-1.3.6.tgz#22dd7220ef6b55dcfcb8ef92982baaf55dced45d"

d3-color@1, d3-color@^1.0.3:
  version "1.0.3"
  resolved "https://registry.yarnpkg.com/d3-color/-/d3-color-1.0.3.tgz#bc7643fca8e53a8347e2fbdaffa236796b58509b"

d3-interpolate@^1.1.6:
  version "1.1.6"
  resolved "https://registry.yarnpkg.com/d3-interpolate/-/d3-interpolate-1.1.6.tgz#2cf395ae2381804df08aa1bf766b7f97b5f68fb6"
  dependencies:
    d3-color "1"

tinycolor2@^1.4.1:
  version "1.4.1"
  resolved "https://registry.yarnpkg.com/tinycolor2/-/tinycolor2-1.4.1.tgz#f4fad333447bc0b07d4dc8e9209d8f39a8ac77e8"
